
Microsoft Visual Studio Solution File, Format Version 12.00
# Visual Studio Version 17
VisualStudioVersion = 17.7.34221.43
MinimumVisualStudioVersion = 10.0.40219.1
Project("{2150E333-8FDC-42A3-9474-1A3956D46DE8}") = "SRC", "SRC", "{8AFA44CC-52EE-412F-8AB5-0CA08FB3E062}"
EndProject
Project("{2150E333-8FDC-42A3-9474-1A3956D46DE8}") = "Core", "Core", "{AC31DEBC-75AF-4076-B78A-2901BB77E2D2}"
EndProject
Project("{2150E333-8FDC-42A3-9474-1A3956D46DE8}") = "Application", "Application", "{9C618A22-C055-4E26-AB0E-F0D093C7892A}"
EndProject
Project("{2150E333-8FDC-42A3-9474-1A3956D46DE8}") = "Domain", "Domain", "{C066B8B1-7BE6-4391-9D7F-C361671B8B13}"
EndProject
Project("{2150E333-8FDC-42A3-9474-1A3956D46DE8}") = "Infrestructure", "Infrestructure", "{86518E04-277C-4DFC-8491-91E05939771D}"
EndProject
Project("{2150E333-8FDC-42A3-9474-1A3956D46DE8}") = "Presentation", "Presentation", "{2DC97511-3DC6-43BF-B20C-1F81BAB1D8D4}"
EndProject
Project("{2150E333-8FDC-42A3-9474-1A3956D46DE8}") = "API", "API", "{75CF581C-2BE1-4418-8C92-C7B07521C269}"
EndProject
Project("{FAE04EC0-301F-11D3-BF4B-00C04F79EFBC}") = "Core.Application", "Core.Application\Core.Application.csproj", "{CCEACB53-6E43-4C50-9C0C-72B3462BDF1D}"
EndProject
Project("{FAE04EC0-301F-11D3-BF4B-00C04F79EFBC}") = "Core.Domain", "Core.Domain\Core.Domain.csproj", "{63797B3C-CF8A-4C6E-942F-E5498C2551BE}"
EndProject
Project("{2150E333-8FDC-42A3-9474-1A3956D46DE8}") = "Persistance", "Persistance", "{ACD8C8EA-D776-4A28-9031-3233942A5188}"
EndProject
Project("{2150E333-8FDC-42A3-9474-1A3956D46DE8}") = "Shared", "Shared", "{6020F01E-311A-4F6D-A45A-8B0F34DE6F36}"
EndProject
Project("{FAE04EC0-301F-11D3-BF4B-00C04F79EFBC}") = "ManagingProduct", "ManagingProduct\ManagingProduct.csproj", "{44C85E54-F5E5-4C46-91A1-2B72FCC7308A}"
EndProject
Project("{FAE04EC0-301F-11D3-BF4B-00C04F79EFBC}") = "Infrestructure.Persistance", "Infrestructure.Persistance\Infrestructure.Persistance.csproj", "{78103993-7A71-4E23-B8AA-0AAE0E73E65A}"
EndProject
Global
	GlobalSection(SolutionConfigurationPlatforms) = preSolution
		Debug|Any CPU = Debug|Any CPU
		Release|Any CPU = Release|Any CPU
	EndGlobalSection
	GlobalSection(ProjectConfigurationPlatforms) = postSolution
		{CCEACB53-6E43-4C50-9C0C-72B3462BDF1D}.Debug|Any CPU.ActiveCfg = Debug|Any CPU
		{CCEACB53-6E43-4C50-9C0C-72B3462BDF1D}.Debug|Any CPU.Build.0 = Debug|Any CPU
		{CCEACB53-6E43-4C50-9C0C-72B3462BDF1D}.Release|Any CPU.ActiveCfg = Release|Any CPU
		{CCEACB53-6E43-4C50-9C0C-72B3462BDF1D}.Release|Any CPU.Build.0 = Release|Any CPU
		{63797B3C-CF8A-4C6E-942F-E5498C2551BE}.Debug|Any CPU.ActiveCfg = Debug|Any CPU
		{63797B3C-CF8A-4C6E-942F-E5498C2551BE}.Debug|Any CPU.Build.0 = Debug|Any CPU
		{63797B3C-CF8A-4C6E-942F-E5498C2551BE}.Release|Any CPU.ActiveCfg = Release|Any CPU
		{63797B3C-CF8A-4C6E-942F-E5498C2551BE}.Release|Any CPU.Build.0 = Release|Any CPU
		{44C85E54-F5E5-4C46-91A1-2B72FCC7308A}.Debug|Any CPU.ActiveCfg = Debug|Any CPU
		{44C85E54-F5E5-4C46-91A1-2B72FCC7308A}.Debug|Any CPU.Build.0 = Debug|Any CPU
		{44C85E54-F5E5-4C46-91A1-2B72FCC7308A}.Release|Any CPU.ActiveCfg = Release|Any CPU
		{44C85E54-F5E5-4C46-91A1-2B72FCC7308A}.Release|Any CPU.Build.0 = Release|Any CPU
		{78103993-7A71-4E23-B8AA-0AAE0E73E65A}.Debug|Any CPU.ActiveCfg = Debug|Any CPU
		{78103993-7A71-4E23-B8AA-0AAE0E73E65A}.Debug|Any CPU.Build.0 = Debug|Any CPU
		{78103993-7A71-4E23-B8AA-0AAE0E73E65A}.Release|Any CPU.ActiveCfg = Release|Any CPU
		{78103993-7A71-4E23-B8AA-0AAE0E73E65A}.Release|Any CPU.Build.0 = Release|Any CPU
	EndGlobalSection
	GlobalSection(SolutionProperties) = preSolution
		HideSolutionNode = FALSE
	EndGlobalSection
	GlobalSection(NestedProjects) = preSolution
		{AC31DEBC-75AF-4076-B78A-2901BB77E2D2} = {8AFA44CC-52EE-412F-8AB5-0CA08FB3E062}
		{9C618A22-C055-4E26-AB0E-F0D093C7892A} = {AC31DEBC-75AF-4076-B78A-2901BB77E2D2}
		{C066B8B1-7BE6-4391-9D7F-C361671B8B13} = {AC31DEBC-75AF-4076-B78A-2901BB77E2D2}
		{86518E04-277C-4DFC-8491-91E05939771D} = {8AFA44CC-52EE-412F-8AB5-0CA08FB3E062}
		{2DC97511-3DC6-43BF-B20C-1F81BAB1D8D4} = {8AFA44CC-52EE-412F-8AB5-0CA08FB3E062}
		{75CF581C-2BE1-4418-8C92-C7B07521C269} = {2DC97511-3DC6-43BF-B20C-1F81BAB1D8D4}
		{CCEACB53-6E43-4C50-9C0C-72B3462BDF1D} = {9C618A22-C055-4E26-AB0E-F0D093C7892A}
		{63797B3C-CF8A-4C6E-942F-E5498C2551BE} = {C066B8B1-7BE6-4391-9D7F-C361671B8B13}
		{ACD8C8EA-D776-4A28-9031-3233942A5188} = {86518E04-277C-4DFC-8491-91E05939771D}
		{6020F01E-311A-4F6D-A45A-8B0F34DE6F36} = {86518E04-277C-4DFC-8491-91E05939771D}
		{44C85E54-F5E5-4C46-91A1-2B72FCC7308A} = {75CF581C-2BE1-4418-8C92-C7B07521C269}
		{78103993-7A71-4E23-B8AA-0AAE0E73E65A} = {ACD8C8EA-D776-4A28-9031-3233942A5188}
	EndGlobalSection
	GlobalSection(ExtensibilityGlobals) = postSolution
		SolutionGuid = {16EBF54A-2AED-46A1-9519-353B73518B40}
	EndGlobalSection
EndGlobal
